
Microsoft Visual Studio Solution File, Format Version 12.00
# Visual Studio 15
VisualStudioVersion = 15.0.28307.1738
MinimumVisualStudioVersion = 10.0.40219.1
Project("{FAE04EC0-301F-11D3-BF4B-00C04F79EFBC}") = "SchemSlicer", "SchemSlicer\SchemSlicer.csproj", "{6753DC91-9460-439B-9BD2-BF26B42AB5FF}"
EndProject
Global
	GlobalSection(SolutionConfigurationPlatforms) = preSolution
		Debug|Any CPU = Debug|Any CPU
		Release|Any CPU = Release|Any CPU
	EndGlobalSection
	GlobalSection(ProjectConfigurationPlatforms) = postSolution
		{6753DC91-9460-439B-9BD2-BF26B42AB5FF}.Debug|Any CPU.ActiveCfg = Debug|Any CPU
		{6753DC91-9460-439B-9BD2-BF26B42AB5FF}.Debug|Any CPU.Build.0 = Debug|Any CPU
		{6753DC91-9460-439B-9BD2-BF26B42AB5FF}.Release|Any CPU.ActiveCfg = Release|Any CPU
		{6753DC91-9460-439B-9BD2-BF26B42AB5FF}.Release|Any CPU.Build.0 = Release|Any CPU
	EndGlobalSection
	GlobalSection(SolutionProperties) = preSolution
		HideSolutionNode = FALSE
	EndGlobalSection
	GlobalSection(ExtensibilityGlobals) = postSolution
		SolutionGuid = {5930C038-2110-47C2-B2BC-0813D387267E}
	EndGlobalSection
EndGlobal
